# This file is autogenerated, do not edit; changes may be undone by the next 'dep ensure'.


[[projects]]
  name = "github.com/blang/semver"
  packages = ["."]
  revision = "2ee87856327ba09384cabd113bc6b5d174e9ec0f"
  version = "v3.5.1"

[[projects]]
  name = "github.com/go-ini/ini"
  packages = ["."]
  revision = "32e4c1e6bc4e7d0d8451aa6b75200d19e37a536a"
  version = "v1.32.0"

[[projects]]
  branch = "master"
  name = "github.com/google/go-querystring"
  packages = ["query"]
  revision = "53e6ce116135b80d037921a7fdd5138cf32d7a8a"

[[projects]]
  name = "github.com/google/jsonapi"
  packages = ["."]
  revision = "46d3ced0434461be12e555852e2f1a9ed382e139"
  version = "1.0.0"

[[projects]]
  branch = "master"
  name = "github.com/mitchellh/mapstructure"
  packages = ["."]
  revision = "06020f85339e21b2478f756a78e295255ffa4d6a"

[solve-meta]
  analyzer-name = "dep"
  analyzer-version = 1
  inputs-digest = "40548aa43b93de1b78167226b65c5e9f6008630bd0acdbb954586ed56f1cd496"
  solver-name = "gps-cdcl"
  solver-version = 1
